
Microsoft Visual Studio Solution File, Format Version 12.00
# Visual Studio Version 17
VisualStudioVersion = 17.0.31903.59
MinimumVisualStudioVersion = 10.0.40219.1
Project("{2150E333-8FDC-42A3-9474-1A3956D46DE8}") = "src", "src", "{827E0CD3-B72D-47B6-A68D-7590B98EB39B}"
EndProject
Project("{2150E333-8FDC-42A3-9474-1A3956D46DE8}") = "OrdersService", "OrdersService", "{2E3FB1AB-4E35-DA13-5205-5999E10284C0}"
EndProject
Project("{FAE04EC0-301F-11D3-BF4B-00C04F79EFBC}") = "OrdersService.Api", "src\OrdersService\OrdersService.Api\OrdersService.Api.csproj", "{9B9146DD-0643-4CBC-94B8-7C3926B047A1}"
EndProject
Project("{FAE04EC0-301F-11D3-BF4B-00C04F79EFBC}") = "OrdersService.Domain", "src\OrdersService\OrdersService.Domain\OrdersService.Domain.csproj", "{7D7F9EE1-4BBD-411B-942F-87EEAE9B8B71}"
EndProject
Project("{FAE04EC0-301F-11D3-BF4B-00C04F79EFBC}") = "OrdersService.Infrastructure", "src\OrdersService\OrdersService.Infrastructure\OrdersService.Infrastructure.csproj", "{ED61E4E5-1EF1-4C53-A077-DCC3B27AC06D}"
EndProject
Project("{FAE04EC0-301F-11D3-BF4B-00C04F79EFBC}") = "OrdersService.Domain.Tests", "tests\OrdersService.Domain.Tests\OrdersService.Domain.Tests.csproj", "{9C903E9D-5598-41FD-BE66-A9DFA010DD09}"
EndProject
Project("{FAE04EC0-301F-11D3-BF4B-00C04F79EFBC}") = "OrdersService.Api.Tests", "tests\OrdersService.Api.Tests\OrdersService.Api.Tests.csproj", "{B167A7F3-3E9F-4BF0-A722-0676D66F24E2}"
EndProject
Project("{2150E333-8FDC-42A3-9474-1A3956D46DE8}") = "InventoryService", "InventoryService", "{5C8FFA71-ABED-225F-EBAA-B00A0796978F}"
EndProject
Project("{FAE04EC0-301F-11D3-BF4B-00C04F79EFBC}") = "InventoryService.Domain", "src\InventoryService\InventoryService.Domain\InventoryService.Domain.csproj", "{C625399F-CBB6-4C84-BAC9-EFF256298E7B}"
EndProject
Project("{FAE04EC0-301F-11D3-BF4B-00C04F79EFBC}") = "InventoryService.Infrastructure", "src\InventoryService\InventoryService.Infrastructure\InventoryService.Infrastructure.csproj", "{0C4FB4F6-9F99-4A9D-9E59-EEF74E615B09}"
EndProject
Project("{FAE04EC0-301F-11D3-BF4B-00C04F79EFBC}") = "InventoryService.Api", "src\InventoryService\InventoryService.Api\InventoryService.Api.csproj", "{26896EF6-45C5-4654-86FC-079F95C59460}"
EndProject
Project("{FAE04EC0-301F-11D3-BF4B-00C04F79EFBC}") = "InventoryService.Domain.Tests", "tests\InventoryService.Domain.Tests\InventoryService.Domain.Tests.csproj", "{B59ED29F-9ECB-4E69-9860-AD636688669A}"
EndProject
Project("{FAE04EC0-301F-11D3-BF4B-00C04F79EFBC}") = "InventoryService.Api.Tests", "tests\InventoryService.Api.Tests\InventoryService.Api.Tests.csproj", "{C5F76256-46C8-4C4D-A76F-4077CDF79DD8}"
EndProject
Project("{2150E333-8FDC-42A3-9474-1A3956D46DE8}") = "DashboardService", "DashboardService", "{4F875F42-4F10-8976-25C3-872B9F0D82F5}"
EndProject
Project("{FAE04EC0-301F-11D3-BF4B-00C04F79EFBC}") = "DashboardService.Domain", "src\DashboardService\DashboardService.Domain\DashboardService.Domain.csproj", "{E15998EB-7BB3-4EE8-A46E-1E4F3F70FCCC}"
EndProject
Project("{FAE04EC0-301F-11D3-BF4B-00C04F79EFBC}") = "DashboardService.Infrastructure", "src\DashboardService\DashboardService.Infrastructure\DashboardService.Infrastructure.csproj", "{832CA53E-F2E8-475F-8730-ACC6E2C3F4AC}"
EndProject
Project("{FAE04EC0-301F-11D3-BF4B-00C04F79EFBC}") = "DashboardService.Api", "src\DashboardService\DashboardService.Api\DashboardService.Api.csproj", "{54D8B0BE-3CB8-42CB-9634-DDEA057B6622}"
EndProject
Project("{2150E333-8FDC-42A3-9474-1A3956D46DE8}") = "tests", "tests", "{0AB3BF05-4346-4AA6-1389-037BE0695223}"
EndProject
Project("{FAE04EC0-301F-11D3-BF4B-00C04F79EFBC}") = "DashboardService.Infrastructure.Tests", "tests\DashboardService.Infrastructure.Tests\DashboardService.Infrastructure.Tests.csproj", "{8391CE94-493A-4573-9415-54395CDB2AE3}"
EndProject
Project("{FAE04EC0-301F-11D3-BF4B-00C04F79EFBC}") = "DashboardService.Api.Tests", "tests\DashboardService.Api.Tests\DashboardService.Api.Tests.csproj", "{D6DDC153-0E65-4114-8744-25D6BCBD1002}"
EndProject
Global
	GlobalSection(SolutionConfigurationPlatforms) = preSolution
		Debug|Any CPU = Debug|Any CPU
		Debug|x64 = Debug|x64
		Debug|x86 = Debug|x86
		Release|Any CPU = Release|Any CPU
		Release|x64 = Release|x64
		Release|x86 = Release|x86
	EndGlobalSection
	GlobalSection(ProjectConfigurationPlatforms) = postSolution
		{9B9146DD-0643-4CBC-94B8-7C3926B047A1}.Debug|Any CPU.ActiveCfg = Debug|Any CPU
		{9B9146DD-0643-4CBC-94B8-7C3926B047A1}.Debug|Any CPU.Build.0 = Debug|Any CPU
		{9B9146DD-0643-4CBC-94B8-7C3926B047A1}.Debug|x64.ActiveCfg = Debug|Any CPU
		{9B9146DD-0643-4CBC-94B8-7C3926B047A1}.Debug|x64.Build.0 = Debug|Any CPU
		{9B9146DD-0643-4CBC-94B8-7C3926B047A1}.Debug|x86.ActiveCfg = Debug|Any CPU
		{9B9146DD-0643-4CBC-94B8-7C3926B047A1}.Debug|x86.Build.0 = Debug|Any CPU
		{9B9146DD-0643-4CBC-94B8-7C3926B047A1}.Release|Any CPU.ActiveCfg = Release|Any CPU
		{9B9146DD-0643-4CBC-94B8-7C3926B047A1}.Release|Any CPU.Build.0 = Release|Any CPU
		{9B9146DD-0643-4CBC-94B8-7C3926B047A1}.Release|x64.ActiveCfg = Release|Any CPU
		{9B9146DD-0643-4CBC-94B8-7C3926B047A1}.Release|x64.Build.0 = Release|Any CPU
		{9B9146DD-0643-4CBC-94B8-7C3926B047A1}.Release|x86.ActiveCfg = Release|Any CPU
		{9B9146DD-0643-4CBC-94B8-7C3926B047A1}.Release|x86.Build.0 = Release|Any CPU
		{7D7F9EE1-4BBD-411B-942F-87EEAE9B8B71}.Debug|Any CPU.ActiveCfg = Debug|Any CPU
		{7D7F9EE1-4BBD-411B-942F-87EEAE9B8B71}.Debug|Any CPU.Build.0 = Debug|Any CPU
		{7D7F9EE1-4BBD-411B-942F-87EEAE9B8B71}.Debug|x64.ActiveCfg = Debug|Any CPU
		{7D7F9EE1-4BBD-411B-942F-87EEAE9B8B71}.Debug|x64.Build.0 = Debug|Any CPU
		{7D7F9EE1-4BBD-411B-942F-87EEAE9B8B71}.Debug|x86.ActiveCfg = Debug|Any CPU
		{7D7F9EE1-4BBD-411B-942F-87EEAE9B8B71}.Debug|x86.Build.0 = Debug|Any CPU
		{7D7F9EE1-4BBD-411B-942F-87EEAE9B8B71}.Release|Any CPU.ActiveCfg = Release|Any CPU
		{7D7F9EE1-4BBD-411B-942F-87EEAE9B8B71}.Release|Any CPU.Build.0 = Release|Any CPU
		{7D7F9EE1-4BBD-411B-942F-87EEAE9B8B71}.Release|x64.ActiveCfg = Release|Any CPU
		{7D7F9EE1-4BBD-411B-942F-87EEAE9B8B71}.Release|x64.Build.0 = Release|Any CPU
		{7D7F9EE1-4BBD-411B-942F-87EEAE9B8B71}.Release|x86.ActiveCfg = Release|Any CPU
		{7D7F9EE1-4BBD-411B-942F-87EEAE9B8B71}.Release|x86.Build.0 = Release|Any CPU
		{ED61E4E5-1EF1-4C53-A077-DCC3B27AC06D}.Debug|Any CPU.ActiveCfg = Debug|Any CPU
		{ED61E4E5-1EF1-4C53-A077-DCC3B27AC06D}.Debug|Any CPU.Build.0 = Debug|Any CPU
		{ED61E4E5-1EF1-4C53-A077-DCC3B27AC06D}.Debug|x64.ActiveCfg = Debug|Any CPU
		{ED61E4E5-1EF1-4C53-A077-DCC3B27AC06D}.Debug|x64.Build.0 = Debug|Any CPU
		{ED61E4E5-1EF1-4C53-A077-DCC3B27AC06D}.Debug|x86.ActiveCfg = Debug|Any CPU
		{ED61E4E5-1EF1-4C53-A077-DCC3B27AC06D}.Debug|x86.Build.0 = Debug|Any CPU
		{ED61E4E5-1EF1-4C53-A077-DCC3B27AC06D}.Release|Any CPU.ActiveCfg = Release|Any CPU
		{ED61E4E5-1EF1-4C53-A077-DCC3B27AC06D}.Release|Any CPU.Build.0 = Release|Any CPU
		{ED61E4E5-1EF1-4C53-A077-DCC3B27AC06D}.Release|x64.ActiveCfg = Release|Any CPU
		{ED61E4E5-1EF1-4C53-A077-DCC3B27AC06D}.Release|x64.Build.0 = Release|Any CPU
		{ED61E4E5-1EF1-4C53-A077-DCC3B27AC06D}.Release|x86.ActiveCfg = Release|Any CPU
		{ED61E4E5-1EF1-4C53-A077-DCC3B27AC06D}.Release|x86.Build.0 = Release|Any CPU
		{9C903E9D-5598-41FD-BE66-A9DFA010DD09}.Debug|Any CPU.ActiveCfg = Debug|Any CPU
		{9C903E9D-5598-41FD-BE66-A9DFA010DD09}.Debug|Any CPU.Build.0 = Debug|Any CPU
		{9C903E9D-5598-41FD-BE66-A9DFA010DD09}.Debug|x64.ActiveCfg = Debug|Any CPU
		{9C903E9D-5598-41FD-BE66-A9DFA010DD09}.Debug|x64.Build.0 = Debug|Any CPU
		{9C903E9D-5598-41FD-BE66-A9DFA010DD09}.Debug|x86.ActiveCfg = Debug|Any CPU
		{9C903E9D-5598-41FD-BE66-A9DFA010DD09}.Debug|x86.Build.0 = Debug|Any CPU
		{9C903E9D-5598-41FD-BE66-A9DFA010DD09}.Release|Any CPU.ActiveCfg = Release|Any CPU
		{9C903E9D-5598-41FD-BE66-A9DFA010DD09}.Release|Any CPU.Build.0 = Release|Any CPU
		{9C903E9D-5598-41FD-BE66-A9DFA010DD09}.Release|x64.ActiveCfg = Release|Any CPU
		{9C903E9D-5598-41FD-BE66-A9DFA010DD09}.Release|x64.Build.0 = Release|Any CPU
		{9C903E9D-5598-41FD-BE66-A9DFA010DD09}.Release|x86.ActiveCfg = Release|Any CPU
		{9C903E9D-5598-41FD-BE66-A9DFA010DD09}.Release|x86.Build.0 = Release|Any CPU
		{B167A7F3-3E9F-4BF0-A722-0676D66F24E2}.Debug|Any CPU.ActiveCfg = Debug|Any CPU
		{B167A7F3-3E9F-4BF0-A722-0676D66F24E2}.Debug|Any CPU.Build.0 = Debug|Any CPU
		{B167A7F3-3E9F-4BF0-A722-0676D66F24E2}.Debug|x64.ActiveCfg = Debug|Any CPU
		{B167A7F3-3E9F-4BF0-A722-0676D66F24E2}.Debug|x64.Build.0 = Debug|Any CPU
		{B167A7F3-3E9F-4BF0-A722-0676D66F24E2}.Debug|x86.ActiveCfg = Debug|Any CPU
		{B167A7F3-3E9F-4BF0-A722-0676D66F24E2}.Debug|x86.Build.0 = Debug|Any CPU
		{B167A7F3-3E9F-4BF0-A722-0676D66F24E2}.Release|Any CPU.ActiveCfg = Release|Any CPU
		{B167A7F3-3E9F-4BF0-A722-0676D66F24E2}.Release|Any CPU.Build.0 = Release|Any CPU
		{B167A7F3-3E9F-4BF0-A722-0676D66F24E2}.Release|x64.ActiveCfg = Release|Any CPU
		{B167A7F3-3E9F-4BF0-A722-0676D66F24E2}.Release|x64.Build.0 = Release|Any CPU
		{B167A7F3-3E9F-4BF0-A722-0676D66F24E2}.Release|x86.ActiveCfg = Release|Any CPU
		{B167A7F3-3E9F-4BF0-A722-0676D66F24E2}.Release|x86.Build.0 = Release|Any CPU
		{C625399F-CBB6-4C84-BAC9-EFF256298E7B}.Debug|Any CPU.ActiveCfg = Debug|Any CPU
		{C625399F-CBB6-4C84-BAC9-EFF256298E7B}.Debug|Any CPU.Build.0 = Debug|Any CPU
		{C625399F-CBB6-4C84-BAC9-EFF256298E7B}.Debug|x64.ActiveCfg = Debug|Any CPU
		{C625399F-CBB6-4C84-BAC9-EFF256298E7B}.Debug|x64.Build.0 = Debug|Any CPU
		{C625399F-CBB6-4C84-BAC9-EFF256298E7B}.Debug|x86.ActiveCfg = Debug|Any CPU
		{C625399F-CBB6-4C84-BAC9-EFF256298E7B}.Debug|x86.Build.0 = Debug|Any CPU
		{C625399F-CBB6-4C84-BAC9-EFF256298E7B}.Release|Any CPU.ActiveCfg = Release|Any CPU
		{C625399F-CBB6-4C84-BAC9-EFF256298E7B}.Release|Any CPU.Build.0 = Release|Any CPU
		{C625399F-CBB6-4C84-BAC9-EFF256298E7B}.Release|x64.ActiveCfg = Release|Any CPU
		{C625399F-CBB6-4C84-BAC9-EFF256298E7B}.Release|x64.Build.0 = Release|Any CPU
		{C625399F-CBB6-4C84-BAC9-EFF256298E7B}.Release|x86.ActiveCfg = Release|Any CPU
		{C625399F-CBB6-4C84-BAC9-EFF256298E7B}.Release|x86.Build.0 = Release|Any CPU
		{0C4FB4F6-9F99-4A9D-9E59-EEF74E615B09}.Debug|Any CPU.ActiveCfg = Debug|Any CPU
		{0C4FB4F6-9F99-4A9D-9E59-EEF74E615B09}.Debug|Any CPU.Build.0 = Debug|Any CPU
		{0C4FB4F6-9F99-4A9D-9E59-EEF74E615B09}.Debug|x64.ActiveCfg = Debug|Any CPU
		{0C4FB4F6-9F99-4A9D-9E59-EEF74E615B09}.Debug|x64.Build.0 = Debug|Any CPU
		{0C4FB4F6-9F99-4A9D-9E59-EEF74E615B09}.Debug|x86.ActiveCfg = Debug|Any CPU
		{0C4FB4F6-9F99-4A9D-9E59-EEF74E615B09}.Debug|x86.Build.0 = Debug|Any CPU
		{0C4FB4F6-9F99-4A9D-9E59-EEF74E615B09}.Release|Any CPU.ActiveCfg = Release|Any CPU
		{0C4FB4F6-9F99-4A9D-9E59-EEF74E615B09}.Release|Any CPU.Build.0 = Release|Any CPU
		{0C4FB4F6-9F99-4A9D-9E59-EEF74E615B09}.Release|x64.ActiveCfg = Release|Any CPU
		{0C4FB4F6-9F99-4A9D-9E59-EEF74E615B09}.Release|x64.Build.0 = Release|Any CPU
		{0C4FB4F6-9F99-4A9D-9E59-EEF74E615B09}.Release|x86.ActiveCfg = Release|Any CPU
		{0C4FB4F6-9F99-4A9D-9E59-EEF74E615B09}.Release|x86.Build.0 = Release|Any CPU
		{26896EF6-45C5-4654-86FC-079F95C59460}.Debug|Any CPU.ActiveCfg = Debug|Any CPU
		{26896EF6-45C5-4654-86FC-079F95C59460}.Debug|Any CPU.Build.0 = Debug|Any CPU
		{26896EF6-45C5-4654-86FC-079F95C59460}.Debug|x64.ActiveCfg = Debug|Any CPU
		{26896EF6-45C5-4654-86FC-079F95C59460}.Debug|x64.Build.0 = Debug|Any CPU
		{26896EF6-45C5-4654-86FC-079F95C59460}.Debug|x86.ActiveCfg = Debug|Any CPU
		{26896EF6-45C5-4654-86FC-079F95C59460}.Debug|x86.Build.0 = Debug|Any CPU
		{26896EF6-45C5-4654-86FC-079F95C59460}.Release|Any CPU.ActiveCfg = Release|Any CPU
		{26896EF6-45C5-4654-86FC-079F95C59460}.Release|Any CPU.Build.0 = Release|Any CPU
		{26896EF6-45C5-4654-86FC-079F95C59460}.Release|x64.ActiveCfg = Release|Any CPU
		{26896EF6-45C5-4654-86FC-079F95C59460}.Release|x64.Build.0 = Release|Any CPU
		{26896EF6-45C5-4654-86FC-079F95C59460}.Release|x86.ActiveCfg = Release|Any CPU
		{26896EF6-45C5-4654-86FC-079F95C59460}.Release|x86.Build.0 = Release|Any CPU
		{B59ED29F-9ECB-4E69-9860-AD636688669A}.Debug|Any CPU.ActiveCfg = Debug|Any CPU
		{B59ED29F-9ECB-4E69-9860-AD636688669A}.Debug|Any CPU.Build.0 = Debug|Any CPU
		{B59ED29F-9ECB-4E69-9860-AD636688669A}.Debug|x64.ActiveCfg = Debug|Any CPU
		{B59ED29F-9ECB-4E69-9860-AD636688669A}.Debug|x64.Build.0 = Debug|Any CPU
		{B59ED29F-9ECB-4E69-9860-AD636688669A}.Debug|x86.ActiveCfg = Debug|Any CPU
		{B59ED29F-9ECB-4E69-9860-AD636688669A}.Debug|x86.Build.0 = Debug|Any CPU
		{B59ED29F-9ECB-4E69-9860-AD636688669A}.Release|Any CPU.ActiveCfg = Release|Any CPU
		{B59ED29F-9ECB-4E69-9860-AD636688669A}.Release|Any CPU.Build.0 = Release|Any CPU
		{B59ED29F-9ECB-4E69-9860-AD636688669A}.Release|x64.ActiveCfg = Release|Any CPU
		{B59ED29F-9ECB-4E69-9860-AD636688669A}.Release|x64.Build.0 = Release|Any CPU
		{B59ED29F-9ECB-4E69-9860-AD636688669A}.Release|x86.ActiveCfg = Release|Any CPU
		{B59ED29F-9ECB-4E69-9860-AD636688669A}.Release|x86.Build.0 = Release|Any CPU
		{C5F76256-46C8-4C4D-A76F-4077CDF79DD8}.Debug|Any CPU.ActiveCfg = Debug|Any CPU
		{C5F76256-46C8-4C4D-A76F-4077CDF79DD8}.Debug|Any CPU.Build.0 = Debug|Any CPU
		{C5F76256-46C8-4C4D-A76F-4077CDF79DD8}.Debug|x64.ActiveCfg = Debug|Any CPU
		{C5F76256-46C8-4C4D-A76F-4077CDF79DD8}.Debug|x64.Build.0 = Debug|Any CPU
		{C5F76256-46C8-4C4D-A76F-4077CDF79DD8}.Debug|x86.ActiveCfg = Debug|Any CPU
		{C5F76256-46C8-4C4D-A76F-4077CDF79DD8}.Debug|x86.Build.0 = Debug|Any CPU
		{C5F76256-46C8-4C4D-A76F-4077CDF79DD8}.Release|Any CPU.ActiveCfg = Release|Any CPU
		{C5F76256-46C8-4C4D-A76F-4077CDF79DD8}.Release|Any CPU.Build.0 = Release|Any CPU
		{C5F76256-46C8-4C4D-A76F-4077CDF79DD8}.Release|x64.ActiveCfg = Release|Any CPU
		{C5F76256-46C8-4C4D-A76F-4077CDF79DD8}.Release|x64.Build.0 = Release|Any CPU
		{C5F76256-46C8-4C4D-A76F-4077CDF79DD8}.Release|x86.ActiveCfg = Release|Any CPU
		{C5F76256-46C8-4C4D-A76F-4077CDF79DD8}.Release|x86.Build.0 = Release|Any CPU
		{E15998EB-7BB3-4EE8-A46E-1E4F3F70FCCC}.Debug|Any CPU.ActiveCfg = Debug|Any CPU
		{E15998EB-7BB3-4EE8-A46E-1E4F3F70FCCC}.Debug|Any CPU.Build.0 = Debug|Any CPU
		{E15998EB-7BB3-4EE8-A46E-1E4F3F70FCCC}.Debug|x64.ActiveCfg = Debug|Any CPU
		{E15998EB-7BB3-4EE8-A46E-1E4F3F70FCCC}.Debug|x64.Build.0 = Debug|Any CPU
		{E15998EB-7BB3-4EE8-A46E-1E4F3F70FCCC}.Debug|x86.ActiveCfg = Debug|Any CPU
		{E15998EB-7BB3-4EE8-A46E-1E4F3F70FCCC}.Debug|x86.Build.0 = Debug|Any CPU
		{E15998EB-7BB3-4EE8-A46E-1E4F3F70FCCC}.Release|Any CPU.ActiveCfg = Release|Any CPU
		{E15998EB-7BB3-4EE8-A46E-1E4F3F70FCCC}.Release|Any CPU.Build.0 = Release|Any CPU
		{E15998EB-7BB3-4EE8-A46E-1E4F3F70FCCC}.Release|x64.ActiveCfg = Release|Any CPU
		{E15998EB-7BB3-4EE8-A46E-1E4F3F70FCCC}.Release|x64.Build.0 = Release|Any CPU
		{E15998EB-7BB3-4EE8-A46E-1E4F3F70FCCC}.Release|x86.ActiveCfg = Release|Any CPU
		{E15998EB-7BB3-4EE8-A46E-1E4F3F70FCCC}.Release|x86.Build.0 = Release|Any CPU
		{832CA53E-F2E8-475F-8730-ACC6E2C3F4AC}.Debug|Any CPU.ActiveCfg = Debug|Any CPU
		{832CA53E-F2E8-475F-8730-ACC6E2C3F4AC}.Debug|Any CPU.Build.0 = Debug|Any CPU
		{832CA53E-F2E8-475F-8730-ACC6E2C3F4AC}.Debug|x64.ActiveCfg = Debug|Any CPU
		{832CA53E-F2E8-475F-8730-ACC6E2C3F4AC}.Debug|x64.Build.0 = Debug|Any CPU
		{832CA53E-F2E8-475F-8730-ACC6E2C3F4AC}.Debug|x86.ActiveCfg = Debug|Any CPU
		{832CA53E-F2E8-475F-8730-ACC6E2C3F4AC}.Debug|x86.Build.0 = Debug|Any CPU
		{832CA53E-F2E8-475F-8730-ACC6E2C3F4AC}.Release|Any CPU.ActiveCfg = Release|Any CPU
		{832CA53E-F2E8-475F-8730-ACC6E2C3F4AC}.Release|Any CPU.Build.0 = Release|Any CPU
		{832CA53E-F2E8-475F-8730-ACC6E2C3F4AC}.Release|x64.ActiveCfg = Release|Any CPU
		{832CA53E-F2E8-475F-8730-ACC6E2C3F4AC}.Release|x64.Build.0 = Release|Any CPU
		{832CA53E-F2E8-475F-8730-ACC6E2C3F4AC}.Release|x86.ActiveCfg = Release|Any CPU
		{832CA53E-F2E8-475F-8730-ACC6E2C3F4AC}.Release|x86.Build.0 = Release|Any CPU
		{54D8B0BE-3CB8-42CB-9634-DDEA057B6622}.Debug|Any CPU.ActiveCfg = Debug|Any CPU
		{54D8B0BE-3CB8-42CB-9634-DDEA057B6622}.Debug|Any CPU.Build.0 = Debug|Any CPU
		{54D8B0BE-3CB8-42CB-9634-DDEA057B6622}.Debug|x64.ActiveCfg = Debug|Any CPU
		{54D8B0BE-3CB8-42CB-9634-DDEA057B6622}.Debug|x64.Build.0 = Debug|Any CPU
		{54D8B0BE-3CB8-42CB-9634-DDEA057B6622}.Debug|x86.ActiveCfg = Debug|Any CPU
		{54D8B0BE-3CB8-42CB-9634-DDEA057B6622}.Debug|x86.Build.0 = Debug|Any CPU
		{54D8B0BE-3CB8-42CB-9634-DDEA057B6622}.Release|Any CPU.ActiveCfg = Release|Any CPU
		{54D8B0BE-3CB8-42CB-9634-DDEA057B6622}.Release|Any CPU.Build.0 = Release|Any CPU
		{54D8B0BE-3CB8-42CB-9634-DDEA057B6622}.Release|x64.ActiveCfg = Release|Any CPU
		{54D8B0BE-3CB8-42CB-9634-DDEA057B6622}.Release|x64.Build.0 = Release|Any CPU
		{54D8B0BE-3CB8-42CB-9634-DDEA057B6622}.Release|x86.ActiveCfg = Release|Any CPU
		{54D8B0BE-3CB8-42CB-9634-DDEA057B6622}.Release|x86.Build.0 = Release|Any CPU
		{8391CE94-493A-4573-9415-54395CDB2AE3}.Debug|Any CPU.ActiveCfg = Debug|Any CPU
		{8391CE94-493A-4573-9415-54395CDB2AE3}.Debug|Any CPU.Build.0 = Debug|Any CPU
		{8391CE94-493A-4573-9415-54395CDB2AE3}.Debug|x64.ActiveCfg = Debug|Any CPU
		{8391CE94-493A-4573-9415-54395CDB2AE3}.Debug|x64.Build.0 = Debug|Any CPU
		{8391CE94-493A-4573-9415-54395CDB2AE3}.Debug|x86.ActiveCfg = Debug|Any CPU
		{8391CE94-493A-4573-9415-54395CDB2AE3}.Debug|x86.Build.0 = Debug|Any CPU
		{8391CE94-493A-4573-9415-54395CDB2AE3}.Release|Any CPU.ActiveCfg = Release|Any CPU
		{8391CE94-493A-4573-9415-54395CDB2AE3}.Release|Any CPU.Build.0 = Release|Any CPU
		{8391CE94-493A-4573-9415-54395CDB2AE3}.Release|x64.ActiveCfg = Release|Any CPU
		{8391CE94-493A-4573-9415-54395CDB2AE3}.Release|x64.Build.0 = Release|Any CPU
		{8391CE94-493A-4573-9415-54395CDB2AE3}.Release|x86.ActiveCfg = Release|Any CPU
		{8391CE94-493A-4573-9415-54395CDB2AE3}.Release|x86.Build.0 = Release|Any CPU
		{D6DDC153-0E65-4114-8744-25D6BCBD1002}.Debug|Any CPU.ActiveCfg = Debug|Any CPU
		{D6DDC153-0E65-4114-8744-25D6BCBD1002}.Debug|Any CPU.Build.0 = Debug|Any CPU
		{D6DDC153-0E65-4114-8744-25D6BCBD1002}.Debug|x64.ActiveCfg = Debug|Any CPU
		{D6DDC153-0E65-4114-8744-25D6BCBD1002}.Debug|x64.Build.0 = Debug|Any CPU
		{D6DDC153-0E65-4114-8744-25D6BCBD1002}.Debug|x86.ActiveCfg = Debug|Any CPU
		{D6DDC153-0E65-4114-8744-25D6BCBD1002}.Debug|x86.Build.0 = Debug|Any CPU
		{D6DDC153-0E65-4114-8744-25D6BCBD1002}.Release|Any CPU.ActiveCfg = Release|Any CPU
		{D6DDC153-0E65-4114-8744-25D6BCBD1002}.Release|Any CPU.Build.0 = Release|Any CPU
		{D6DDC153-0E65-4114-8744-25D6BCBD1002}.Release|x64.ActiveCfg = Release|Any CPU
		{D6DDC153-0E65-4114-8744-25D6BCBD1002}.Release|x64.Build.0 = Release|Any CPU
		{D6DDC153-0E65-4114-8744-25D6BCBD1002}.Release|x86.ActiveCfg = Release|Any CPU
		{D6DDC153-0E65-4114-8744-25D6BCBD1002}.Release|x86.Build.0 = Release|Any CPU
	EndGlobalSection
	GlobalSection(SolutionProperties) = preSolution
		HideSolutionNode = FALSE
	EndGlobalSection
	GlobalSection(NestedProjects) = preSolution
		{2E3FB1AB-4E35-DA13-5205-5999E10284C0} = {827E0CD3-B72D-47B6-A68D-7590B98EB39B}
		{9B9146DD-0643-4CBC-94B8-7C3926B047A1} = {2E3FB1AB-4E35-DA13-5205-5999E10284C0}
		{7D7F9EE1-4BBD-411B-942F-87EEAE9B8B71} = {2E3FB1AB-4E35-DA13-5205-5999E10284C0}
		{ED61E4E5-1EF1-4C53-A077-DCC3B27AC06D} = {2E3FB1AB-4E35-DA13-5205-5999E10284C0}
		{9C903E9D-5598-41FD-BE66-A9DFA010DD09} = {2E3FB1AB-4E35-DA13-5205-5999E10284C0}
		{B167A7F3-3E9F-4BF0-A722-0676D66F24E2} = {2E3FB1AB-4E35-DA13-5205-5999E10284C0}
		{5C8FFA71-ABED-225F-EBAA-B00A0796978F} = {827E0CD3-B72D-47B6-A68D-7590B98EB39B}
		{C625399F-CBB6-4C84-BAC9-EFF256298E7B} = {5C8FFA71-ABED-225F-EBAA-B00A0796978F}
		{0C4FB4F6-9F99-4A9D-9E59-EEF74E615B09} = {5C8FFA71-ABED-225F-EBAA-B00A0796978F}
		{26896EF6-45C5-4654-86FC-079F95C59460} = {5C8FFA71-ABED-225F-EBAA-B00A0796978F}
		{B59ED29F-9ECB-4E69-9860-AD636688669A} = {5C8FFA71-ABED-225F-EBAA-B00A0796978F}
		{C5F76256-46C8-4C4D-A76F-4077CDF79DD8} = {5C8FFA71-ABED-225F-EBAA-B00A0796978F}
		{4F875F42-4F10-8976-25C3-872B9F0D82F5} = {827E0CD3-B72D-47B6-A68D-7590B98EB39B}
		{E15998EB-7BB3-4EE8-A46E-1E4F3F70FCCC} = {4F875F42-4F10-8976-25C3-872B9F0D82F5}
		{832CA53E-F2E8-475F-8730-ACC6E2C3F4AC} = {4F875F42-4F10-8976-25C3-872B9F0D82F5}
		{54D8B0BE-3CB8-42CB-9634-DDEA057B6622} = {4F875F42-4F10-8976-25C3-872B9F0D82F5}
		{8391CE94-493A-4573-9415-54395CDB2AE3} = {0AB3BF05-4346-4AA6-1389-037BE0695223}
		{D6DDC153-0E65-4114-8744-25D6BCBD1002} = {0AB3BF05-4346-4AA6-1389-037BE0695223}
	EndGlobalSection
EndGlobal
